
Microsoft Visual Studio Solution File, Format Version 12.00
# Visual Studio 14
VisualStudioVersion = 14.0.25123.0
MinimumVisualStudioVersion = 10.0.40219.1
Project("{FAE04EC0-301F-11D3-BF4B-00C04F79EFBC}") = "LL", "LL\LL.csproj", "{1B34DB79-30F0-45DD-BB8F-E6E108521D7F}"
EndProject
Global
	GlobalSection(SolutionConfigurationPlatforms) = preSolution
		Debug|Any CPU = Debug|Any CPU
		Release|Any CPU = Release|Any CPU
	EndGlobalSection
	GlobalSection(ProjectConfigurationPlatforms) = postSolution
		{1B34DB79-30F0-45DD-BB8F-E6E108521D7F}.Debug|Any CPU.ActiveCfg = Debug|Any CPU
		{1B34DB79-30F0-45DD-BB8F-E6E108521D7F}.Debug|Any CPU.Build.0 = Debug|Any CPU
		{1B34DB79-30F0-45DD-BB8F-E6E108521D7F}.Release|Any CPU.ActiveCfg = Release|Any CPU
		{1B34DB79-30F0-45DD-BB8F-E6E108521D7F}.Release|Any CPU.Build.0 = Release|Any CPU
	EndGlobalSection
	GlobalSection(SolutionProperties) = preSolution
		HideSolutionNode = FALSE
	EndGlobalSection
EndGlobal
